
Microsoft Visual Studio Solution File, Format Version 12.00
# Visual Studio Version 17
VisualStudioVersion = 17.9.34622.214
MinimumVisualStudioVersion = 10.0.40219.1
Project("{FAE04EC0-301F-11D3-BF4B-00C04F79EFBC}") = "DomainDrivenDesign", "DomainDrivenDesign\DomainDrivenDesign.csproj", "{DDA77F62-5181-4182-B1DA-80D2DFACF035}"
EndProject
Global
	GlobalSection(SolutionConfigurationPlatforms) = preSolution
		Debug|Any CPU = Debug|Any CPU
		Release|Any CPU = Release|Any CPU
	EndGlobalSection
	GlobalSection(ProjectConfigurationPlatforms) = postSolution
		{DDA77F62-5181-4182-B1DA-80D2DFACF035}.Debug|Any CPU.ActiveCfg = Debug|Any CPU
		{DDA77F62-5181-4182-B1DA-80D2DFACF035}.Debug|Any CPU.Build.0 = Debug|Any CPU
		{DDA77F62-5181-4182-B1DA-80D2DFACF035}.Release|Any CPU.ActiveCfg = Release|Any CPU
		{DDA77F62-5181-4182-B1DA-80D2DFACF035}.Release|Any CPU.Build.0 = Release|Any CPU
	EndGlobalSection
	GlobalSection(SolutionProperties) = preSolution
		HideSolutionNode = FALSE
	EndGlobalSection
	GlobalSection(ExtensibilityGlobals) = postSolution
		SolutionGuid = {0C9A095D-61C4-45C8-83C0-C7DCCDE4A084}
	EndGlobalSection
EndGlobal
